// !$*UTF8*$!
{
	archiveVersion = 1;
	classes = {
	};
	objectVersion = 46;
	objects = {

/* Begin PBXBuildFile section */
		2900196F1B6CB2E50063F18A /* 找出第K大的数.cpp in Sources */ = {isa = PBXBuildFile; fileRef = 2900196E1B6CB2E50063F18A /* 找出第K大的数.cpp */; };
/* End PBXBuildFile section */

/* Begin PBXCopyFilesBuildPhase section */
		290019691B6CB2E50063F18A /* CopyFiles */ = {
			isa = PBXCopyFilesBuildPhase;
			buildActionMask = 2147483647;
			dstPath = /usr/share/man/man1/;
			dstSubfolderSpec = 0;
			files = (
			);
			runOnlyForDeploymentPostprocessing = 1;
		};
/* End PBXCopyFilesBuildPhase section */

/* Begin PBXFileReference section */
		2900196B1B6CB2E50063F18A /* 找出第K大的数 */ = {isa = PBXFileReference; explicitFileType = "compiled.mach-o.executable"; includeInIndex = 0; path = "找出第K大的数"; sourceTree = BUILT_PRODUCTS_DIR; };
		2900196E1B6CB2E50063F18A /* 找出第K大的数.cpp */ = {isa = PBXFileReference; lastKnownFileType = sourcecode.cpp.cpp; path = "找出第K大的数.cpp"; sourceTree = "<group>"; };
/* End PBXFileReference section */

/* Begin PBXFrameworksBuildPhase section */
		290019681B6CB2E50063F18A /* Frameworks */ = {
			isa = PBXFrameworksBuildPhase;
			buildActionMask = 2147483647;
			files = (
			);
			runOnlyForDeploymentPostprocessing = 0;
		};
/* End PBXFrameworksBuildPhase section */

/* Begin PBXGroup section */
		290019621B6CB2E50063F18A = {
			isa = PBXGroup;
			children = (
				2900196D1B6CB2E50063F18A /* 找出第K大的数 */,
				2900196C1B6CB2E50063F18A /* Products */,
			);
			sourceTree = "<group>";
		};
		2900196C1B6CB2E50063F18A /* Products */ = {
			isa = PBXGroup;
			children = (
				2900196B1B6CB2E50063F18A /* 找出第K大的数 */,
			);
			name = Products;
			sourceTree = "<group>";
		};
		2900196D1B6CB2E50063F18A /* 找出第K大的数 */ = {
			isa = PBXGroup;
			children = (
				2900196E1B6CB2E50063F18A /* 找出第K大的数.cpp */,
			);
			path = "找出第K大的数";
			sourceTree = "<group>";
		};
/* End PBXGroup section */

/* Begin PBXNativeTarget section */
		2900196A1B6CB2E50063F18A /* 找出第K大的数 */ = {
			isa = PBXNativeTarget;
			buildConfigurationList = 290019721B6CB2E50063F18A /* Build configuration list for PBXNativeTarget "找出第K大的数" */;
			buildPhases = (
				290019671B6CB2E50063F18A /* Sources */,
				290019681B6CB2E50063F18A /* Frameworks */,
				290019691B6CB2E50063F18A /* CopyFiles */,
			);
			buildRules = (
			);
			dependencies = (
			);
			name = "找出第K大的数";
			productName = "找出第K大的数";
			productReference = 2900196B1B6CB2E50063F18A /* 找出第K大的数 */;
			productType = "com.apple.product-type.tool";
		};
/* End PBXNativeTarget section */

/* Begin PBXProject section */
		290019631B6CB2E50063F18A /* Project object */ = {
			isa = PBXProject;
			attributes = {
				LastUpgradeCheck = 0640;
				ORGANIZATIONNAME = "黄然";
				TargetAttributes = {
					2900196A1B6CB2E50063F18A = {
						CreatedOnToolsVersion = 6.4;
					};
				};
			};
			buildConfigurationList = 290019661B6CB2E50063F18A /* Build configuration list for PBXProject "找出第K大的数" */;
			compatibilityVersion = "Xcode 3.2";
			developmentRegion = English;
			hasScannedForEncodings = 0;
			knownRegions = (
				en,
			);
			mainGroup = 290019621B6CB2E50063F18A;
			productRefGroup = 2900196C1B6CB2E50063F18A /* Products */;
			projectDirPath = "";
			projectRoot = "";
			targets = (
				2900196A1B6CB2E50063F18A /* 找出第K大的数 */,
			);
		};
/* End PBXProject section */

/* Begin PBXSourcesBuildPhase section */
		290019671B6CB2E50063F18A /* Sources */ = {
			isa = PBXSourcesBuildPhase;
			buildActionMask = 2147483647;
			files = (
				2900196F1B6CB2E50063F18A /* 找出第K大的数.cpp in Sources */,
			);
			runOnlyForDeploymentPostprocessing = 0;
		};
/* End PBXSourcesBuildPhase section */

/* Begin XCBuildConfiguration section */
		290019701B6CB2E50063F18A /* Debug */ = {
			isa = XCBuildConfiguration;
			buildSettings = {
				ALWAYS_SEARCH_USER_PATHS = NO;
				CLANG_CXX_LANGUAGE_STANDARD = "gnu++0x";
				CLANG_CXX_LIBRARY = "libc++";
				CLANG_ENABLE_MODULES = YES;
				CLANG_ENABLE_OBJC_ARC = YES;
				CLANG_WARN_BOOL_CONVERSION = YES;
				CLANG_WARN_CONSTANT_CONVERSION = YES;
				CLANG_WARN_DIRECT_OBJC_ISA_USAGE = YES_ERROR;
				CLANG_WARN_EMPTY_BODY = YES;
				CLANG_WARN_ENUM_CONVERSION = YES;
				CLANG_WARN_INT_CONVERSION = YES;
				CLANG_WARN_OBJC_ROOT_CLASS = YES_ERROR;
				CLANG_WARN_UNREACHABLE_CODE = YES;
				CLANG_WARN__DUPLICATE_METHOD_MATCH = YES;
				COPY_PHASE_STRIP = NO;
				DEBUG_INFORMATION_FORMAT = dwarf;
				ENABLE_STRICT_OBJC_MSGSEND = YES;
				GCC_C_LANGUAGE_STANDARD = gnu99;
				GCC_DYNAMIC_NO_PIC = NO;
				GCC_NO_COMMON_BLOCKS = YES;
				GCC_OPTIMIZATION_LEVEL = 0;
				GCC_PREPROCESSOR_DEFINITIONS = (
					"DEBUG=1",
					"$(inherited)",
				);
				GCC_SYMBOLS_PRIVATE_EXTERN = NO;
				GCC_WARN_64_TO_32_BIT_CONVERSION = YES;
				GCC_WARN_ABOUT_RETURN_TYPE = YES_ERROR;
				GCC_WARN_UNDECLARED_SELECTOR = YES;
				GCC_WARN_UNINITIALIZED_AUTOS = YES_AGGRESSIVE;
				GCC_WARN_UNUSED_FUNCTION = YES;
				GCC_WARN_UNUSED_VARIABLE = YES;
				MACOSX_DEPLOYMENT_TARGET = 10.10;
				MTL_ENABLE_DEBUG_INFO = YES;
				ONLY_ACTIVE_ARCH = YES;
				SDKROOT = macosx;
			};
			name = Debug;
		};
		290019711B6CB2E50063F18A /* Release */ = {
			isa = XCBuildConfiguration;
			buildSettings = {
				ALWAYS_SEARCH_USER_PATHS = NO;
				CLANG_CXX_LANGUAGE_STANDARD = "gnu++0x";
				CLANG_CXX_LIBRARY = "libc++";
				CLANG_ENABLE_MODULES = YES;
				CLANG_ENABLE_OBJC_ARC = YES;
				CLANG_WARN_BOOL_CONVERSION = YES;
				CLANG_WARN_CONSTANT_CONVERSION = YES;
				CLANG_WARN_DIRECT_OBJC_ISA_USAGE = YES_ERROR;
				CLANG_WARN_EMPTY_BODY = YES;
				CLANG_WARN_ENUM_CONVERSION = YES;
				CLANG_WARN_INT_CONVERSION = YES;
				CLANG_WARN_OBJC_ROOT_CLASS = YES_ERROR;
				CLANG_WARN_UNREACHABLE_CODE = YES;
				CLANG_WARN__DUPLICATE_METHOD_MATCH = YES;
				COPY_PHASE_STRIP = NO;
				DEBUG_INFORMATION_FORMAT = "dwarf-with-dsym";
				ENABLE_NS_ASSERTIONS = NO;
				ENABLE_STRICT_OBJC_MSGSEND = YES;
				GCC_C_LANGUAGE_STANDARD = gnu99;
				GCC_NO_COMMON_BLOCKS = YES;
				GCC_WARN_64_TO_32_BIT_CONVERSION = YES;
				GCC_WARN_ABOUT_RETURN_TYPE = YES_ERROR;
				GCC_WARN_UNDECLARED_SELECTOR = YES;
				GCC_WARN_UNINITIALIZED_AUTOS = YES_AGGRESSIVE;
				GCC_WARN_UNUSED_FUNCTION = YES;
				GCC_WARN_UNUSED_VARIABLE = YES;
				MACOSX_DEPLOYMENT_TARGET = 10.10;
				MTL_ENABLE_DEBUG_INFO = NO;
				SDKROOT = macosx;
			};
			name = Release;
		};
		290019731B6CB2E50063F18A /* Debug */ = {
			isa = XCBuildConfiguration;
			buildSettings = {
				PRODUCT_NAME = "$(TARGET_NAME)";
			};
			name = Debug;
		};
		290019741B6CB2E50063F18A /* Release */ = {
			isa = XCBuildConfiguration;
			buildSettings = {
				PRODUCT_NAME = "$(TARGET_NAME)";
			};
			name = Release;
		};
/* End XCBuildConfiguration section */

/* Begin XCConfigurationList section */
		290019661B6CB2E50063F18A /* Build configuration list for PBXProject "找出第K大的数" */ = {
			isa = XCConfigurationList;
			buildConfigurations = (
				290019701B6CB2E50063F18A /* Debug */,
				290019711B6CB2E50063F18A /* Release */,
			);
			defaultConfigurationIsVisible = 0;
			defaultConfigurationName = Release;
		};
		290019721B6CB2E50063F18A /* Build configuration list for PBXNativeTarget "找出第K大的数" */ = {
			isa = XCConfigurationList;
			buildConfigurations = (
				290019731B6CB2E50063F18A /* Debug */,
				290019741B6CB2E50063F18A /* Release */,
			);
			defaultConfigurationIsVisible = 0;
		};
/* End XCConfigurationList section */
	};
	rootObject = 290019631B6CB2E50063F18A /* Project object */;
}
