<?xml version="1.0" encoding="UTF-8"?>
<Scheme
   LastUpgradeVersion = "0640"
   version = "1.3">
   <BuildAction
      parallelizeBuildables = "YES"
      buildImplicitDependencies = "YES">
      <BuildActionEntries>
         <BuildActionEntry
            buildForTesting = "YES"
            buildForRunning = "YES"
            buildForProfiling = "YES"
            buildForArchiving = "YES"
            buildForAnalyzing = "YES">
            <BuildableReference
               BuildableIdentifier = "primary"
               BlueprintIdentifier = "291F5A431BA1CC3600E7BCCD"
               BuildableName = "&#x8ba1;&#x7b97;&#x77e9;&#x9635;&#x8fb9;&#x7f18;&#x6570;&#x7ec4;&#x4e4b;&#x548c;"
               BlueprintName = "&#x8ba1;&#x7b97;&#x77e9;&#x9635;&#x8fb9;&#x7f18;&#x6570;&#x7ec4;&#x4e4b;&#x548c;"
               ReferencedContainer = "container:&#x8ba1;&#x7b97;&#x77e9;&#x9635;&#x8fb9;&#x7f18;&#x6570;&#x7ec4;&#x4e4b;&#x548c;.xcodeproj">
            </BuildableReference>
         </BuildActionEntry>
      </BuildActionEntries>
   </BuildAction>
   <TestAction
      selectedDebuggerIdentifier = "Xcode.DebuggerFoundation.Debugger.LLDB"
      selectedLauncherIdentifier = "Xcode.DebuggerFoundation.Launcher.LLDB"
      shouldUseLaunchSchemeArgsEnv = "YES"
      buildConfiguration = "Debug">
      <Testables>
      </Testables>
      <MacroExpansion>
         <BuildableReference
            BuildableIdentifier = "primary"
            BlueprintIdentifier = "291F5A431BA1CC3600E7BCCD"
            BuildableName = "&#x8ba1;&#x7b97;&#x77e9;&#x9635;&#x8fb9;&#x7f18;&#x6570;&#x7ec4;&#x4e4b;&#x548c;"
            BlueprintName = "&#x8ba1;&#x7b97;&#x77e9;&#x9635;&#x8fb9;&#x7f18;&#x6570;&#x7ec4;&#x4e4b;&#x548c;"
            ReferencedContainer = "container:&#x8ba1;&#x7b97;&#x77e9;&#x9635;&#x8fb9;&#x7f18;&#x6570;&#x7ec4;&#x4e4b;&#x548c;.xcodeproj">
         </BuildableReference>
      </MacroExpansion>
   </TestAction>
   <LaunchAction
      selectedDebuggerIdentifier = "Xcode.DebuggerFoundation.Debugger.LLDB"
      selectedLauncherIdentifier = "Xcode.DebuggerFoundation.Launcher.LLDB"
      launchStyle = "0"
      useCustomWorkingDirectory = "NO"
      buildConfiguration = "Debug"
      ignoresPersistentStateOnLaunch = "NO"
      debugDocumentVersioning = "YES"
      allowLocationSimulation = "YES">
      <BuildableProductRunnable
         runnableDebuggingMode = "0">
         <BuildableReference
            BuildableIdentifier = "primary"
            BlueprintIdentifier = "291F5A431BA1CC3600E7BCCD"
            BuildableName = "&#x8ba1;&#x7b97;&#x77e9;&#x9635;&#x8fb9;&#x7f18;&#x6570;&#x7ec4;&#x4e4b;&#x548c;"
            BlueprintName = "&#x8ba1;&#x7b97;&#x77e9;&#x9635;&#x8fb9;&#x7f18;&#x6570;&#x7ec4;&#x4e4b;&#x548c;"
            ReferencedContainer = "container:&#x8ba1;&#x7b97;&#x77e9;&#x9635;&#x8fb9;&#x7f18;&#x6570;&#x7ec4;&#x4e4b;&#x548c;.xcodeproj">
         </BuildableReference>
      </BuildableProductRunnable>
      <AdditionalOptions>
      </AdditionalOptions>
   </LaunchAction>
   <ProfileAction
      shouldUseLaunchSchemeArgsEnv = "YES"
      savedToolIdentifier = ""
      useCustomWorkingDirectory = "NO"
      buildConfiguration = "Release"
      debugDocumentVersioning = "YES">
      <BuildableProductRunnable
         runnableDebuggingMode = "0">
         <BuildableReference
            BuildableIdentifier = "primary"
            BlueprintIdentifier = "291F5A431BA1CC3600E7BCCD"
            BuildableName = "&#x8ba1;&#x7b97;&#x77e9;&#x9635;&#x8fb9;&#x7f18;&#x6570;&#x7ec4;&#x4e4b;&#x548c;"
            BlueprintName = "&#x8ba1;&#x7b97;&#x77e9;&#x9635;&#x8fb9;&#x7f18;&#x6570;&#x7ec4;&#x4e4b;&#x548c;"
            ReferencedContainer = "container:&#x8ba1;&#x7b97;&#x77e9;&#x9635;&#x8fb9;&#x7f18;&#x6570;&#x7ec4;&#x4e4b;&#x548c;.xcodeproj">
         </BuildableReference>
      </BuildableProductRunnable>
   </ProfileAction>
   <AnalyzeAction
      buildConfiguration = "Debug">
   </AnalyzeAction>
   <ArchiveAction
      buildConfiguration = "Release"
      revealArchiveInOrganizer = "YES">
   </ArchiveAction>
</Scheme>
